
Microsoft Visual Studio Solution File, Format Version 12.00
# Visual Studio 15
VisualStudioVersion = 15.0.26124.0
MinimumVisualStudioVersion = 15.0.26124.0
Project("{FAE04EC0-301F-11D3-BF4B-00C04F79EFBC}") = "MainProj", "MainProj\MainProj.csproj", "{12721A25-83D9-422C-9A5C-F53AFAA5D287}"
EndProject
Project("{2150E333-8FDC-42A3-9474-1A3956D46DE8}") = "behavioral", "behavioral", "{E562D28B-6CBD-4DBA-9157-42541B1792FC}"
EndProject
Project("{FAE04EC0-301F-11D3-BF4B-00C04F79EFBC}") = "Strategy", "behavioral\Strategy\Strategy.csproj", "{CB0AF141-282E-4427-9F3D-120DEF51F432}"
EndProject
Global
	GlobalSection(SolutionConfigurationPlatforms) = preSolution
		Debug|Any CPU = Debug|Any CPU
		Debug|x64 = Debug|x64
		Debug|x86 = Debug|x86
		Release|Any CPU = Release|Any CPU
		Release|x64 = Release|x64
		Release|x86 = Release|x86
	EndGlobalSection
	GlobalSection(SolutionProperties) = preSolution
		HideSolutionNode = FALSE
	EndGlobalSection
	GlobalSection(ProjectConfigurationPlatforms) = postSolution
		{12721A25-83D9-422C-9A5C-F53AFAA5D287}.Debug|Any CPU.ActiveCfg = Debug|Any CPU
		{12721A25-83D9-422C-9A5C-F53AFAA5D287}.Debug|Any CPU.Build.0 = Debug|Any CPU
		{12721A25-83D9-422C-9A5C-F53AFAA5D287}.Debug|x64.ActiveCfg = Debug|Any CPU
		{12721A25-83D9-422C-9A5C-F53AFAA5D287}.Debug|x64.Build.0 = Debug|Any CPU
		{12721A25-83D9-422C-9A5C-F53AFAA5D287}.Debug|x86.ActiveCfg = Debug|Any CPU
		{12721A25-83D9-422C-9A5C-F53AFAA5D287}.Debug|x86.Build.0 = Debug|Any CPU
		{12721A25-83D9-422C-9A5C-F53AFAA5D287}.Release|Any CPU.ActiveCfg = Release|Any CPU
		{12721A25-83D9-422C-9A5C-F53AFAA5D287}.Release|Any CPU.Build.0 = Release|Any CPU
		{12721A25-83D9-422C-9A5C-F53AFAA5D287}.Release|x64.ActiveCfg = Release|Any CPU
		{12721A25-83D9-422C-9A5C-F53AFAA5D287}.Release|x64.Build.0 = Release|Any CPU
		{12721A25-83D9-422C-9A5C-F53AFAA5D287}.Release|x86.ActiveCfg = Release|Any CPU
		{12721A25-83D9-422C-9A5C-F53AFAA5D287}.Release|x86.Build.0 = Release|Any CPU
		{CB0AF141-282E-4427-9F3D-120DEF51F432}.Debug|Any CPU.ActiveCfg = Debug|Any CPU
		{CB0AF141-282E-4427-9F3D-120DEF51F432}.Debug|Any CPU.Build.0 = Debug|Any CPU
		{CB0AF141-282E-4427-9F3D-120DEF51F432}.Debug|x64.ActiveCfg = Debug|Any CPU
		{CB0AF141-282E-4427-9F3D-120DEF51F432}.Debug|x64.Build.0 = Debug|Any CPU
		{CB0AF141-282E-4427-9F3D-120DEF51F432}.Debug|x86.ActiveCfg = Debug|Any CPU
		{CB0AF141-282E-4427-9F3D-120DEF51F432}.Debug|x86.Build.0 = Debug|Any CPU
		{CB0AF141-282E-4427-9F3D-120DEF51F432}.Release|Any CPU.ActiveCfg = Release|Any CPU
		{CB0AF141-282E-4427-9F3D-120DEF51F432}.Release|Any CPU.Build.0 = Release|Any CPU
		{CB0AF141-282E-4427-9F3D-120DEF51F432}.Release|x64.ActiveCfg = Release|Any CPU
		{CB0AF141-282E-4427-9F3D-120DEF51F432}.Release|x64.Build.0 = Release|Any CPU
		{CB0AF141-282E-4427-9F3D-120DEF51F432}.Release|x86.ActiveCfg = Release|Any CPU
		{CB0AF141-282E-4427-9F3D-120DEF51F432}.Release|x86.Build.0 = Release|Any CPU
	EndGlobalSection
	GlobalSection(NestedProjects) = preSolution
		{CB0AF141-282E-4427-9F3D-120DEF51F432} = {E562D28B-6CBD-4DBA-9157-42541B1792FC}
	EndGlobalSection
EndGlobal
